{
  "name": "meridian-lms",
  "version": "1.0.0",
  "lockfileVersion": 3,
  "requires": true,
  "packages": {
    "": {
      "name": "meridian-lms",
      "version": "1.0.0",
      "license": "ISC",
      "dependencies": {
        "daisyui": "^5.4.4"
      }
    },
    "node_modules/daisyui": {
      "version": "5.4.4",
      "resolved": "https://registry.npmjs.org/daisyui/-/daisyui-5.4.4.tgz",
      "integrity": "sha512-FEfdwmGdb3ZbtYN3OqaZn/RMarlZTPOv6mWpGUo7KX42RkcBanEZk5tgYp2ZgirKl7QvH8pCiwpuy55wi2dHyQ==",
      "license": "MIT",
      "funding": {
        "url": "https://github.com/saadeghi/daisyui?sponsor=1"
      }
    }
  }
}
